// !$*UTF8*$!
{
	archiveVersion = 1;
	classes = {
	};
	objectVersion = 56;
	objects = {

/* Begin PBXBuildFile section */
		D303BE2929FFC690003A55C0 /* KB_FITApp.swift in Sources */ = {isa = PBXBuildFile; fileRef = D303BE2829FFC690003A55C0 /* KB_FITApp.swift */; };
		D303BE2B29FFC690003A55C0 /* ContentView.swift in Sources */ = {isa = PBXBuildFile; fileRef = D303BE2A29FFC690003A55C0 /* ContentView.swift */; };
		D303BE2D29FFC691003A55C0 /* Assets.xcassets in Resources */ = {isa = PBXBuildFile; fileRef = D303BE2C29FFC691003A55C0 /* Assets.xcassets */; };
		D303BE3029FFC691003A55C0 /* Preview Assets.xcassets in Resources */ = {isa = PBXBuildFile; fileRef = D303BE2F29FFC691003A55C0 /* Preview Assets.xcassets */; };
		D303BE3A29FFC691003A55C0 /* KB_FITTests.swift in Sources */ = {isa = PBXBuildFile; fileRef = D303BE3929FFC691003A55C0 /* KB_FITTests.swift */; };
		D303BE4429FFC691003A55C0 /* KB_FITUITests.swift in Sources */ = {isa = PBXBuildFile; fileRef = D303BE4329FFC691003A55C0 /* KB_FITUITests.swift */; };
		D303BE4629FFC691003A55C0 /* KB_FITUITestsLaunchTests.swift in Sources */ = {isa = PBXBuildFile; fileRef = D303BE4529FFC691003A55C0 /* KB_FITUITestsLaunchTests.swift */; };
		D303BE5329FFD3DD003A55C0 /* HomeView.swift in Sources */ = {isa = PBXBuildFile; fileRef = D303BE5229FFD3DD003A55C0 /* HomeView.swift */; };
		D303BE5529FFD3F2003A55C0 /* WorkoutsView.swift in Sources */ = {isa = PBXBuildFile; fileRef = D303BE5429FFD3F2003A55C0 /* WorkoutsView.swift */; };
		D303BE5729FFD3FF003A55C0 /* ProfileView.swift in Sources */ = {isa = PBXBuildFile; fileRef = D303BE5629FFD3FF003A55C0 /* ProfileView.swift */; };
		D30776EA2A01665B00D6BAB3 /* WeightCategoryWorkoutView.swift in Sources */ = {isa = PBXBuildFile; fileRef = D30776E92A01665B00D6BAB3 /* WeightCategoryWorkoutView.swift */; };
		D31583242A0189EC00988F65 /* LineChart.swift in Sources */ = {isa = PBXBuildFile; fileRef = D31583232A0189EC00988F65 /* LineChart.swift */; };
		D318BA182A003A2100B4A2E5 /* SubscriptionPlansView.swift in Sources */ = {isa = PBXBuildFile; fileRef = D318BA172A003A2100B4A2E5 /* SubscriptionPlansView.swift */; };
		D37D3F902A2029430097FF3A /* NotificationsView.swift in Sources */ = {isa = PBXBuildFile; fileRef = D37D3F8F2A2029430097FF3A /* NotificationsView.swift */; };
		D3C66A732A0133EE00665188 /* NutritionView.swift in Sources */ = {isa = PBXBuildFile; fileRef = D3C66A722A0133ED00665188 /* NutritionView.swift */; };
		D3C66A752A01341900665188 /* CoachView.swift in Sources */ = {isa = PBXBuildFile; fileRef = D3C66A742A01341900665188 /* CoachView.swift */; };
		D3C66A772A01344800665188 /* ChallengesView.swift in Sources */ = {isa = PBXBuildFile; fileRef = D3C66A762A01344800665188 /* ChallengesView.swift */; };
		D3C66A792A01367500665188 /* EvolutionView.swift in Sources */ = {isa = PBXBuildFile; fileRef = D3C66A782A01367500665188 /* EvolutionView.swift */; };
		D3EB03992A0467A300465420 /* BoutiqueView.swift in Sources */ = {isa = PBXBuildFile; fileRef = D3EB03982A0467A300465420 /* BoutiqueView.swift */; };
/* End PBXBuildFile section */

/* Begin PBXContainerItemProxy section */
		D303BE3629FFC691003A55C0 /* PBXContainerItemProxy */ = {
			isa = PBXContainerItemProxy;
			containerPortal = D303BE1D29FFC690003A55C0 /* Project object */;
			proxyType = 1;
			remoteGlobalIDString = D303BE2429FFC690003A55C0;
			remoteInfo = "KB-FIT";
		};
		D303BE4029FFC691003A55C0 /* PBXContainerItemProxy */ = {
			isa = PBXContainerItemProxy;
			containerPortal = D303BE1D29FFC690003A55C0 /* Project object */;
			proxyType = 1;
			remoteGlobalIDString = D303BE2429FFC690003A55C0;
			remoteInfo = "KB-FIT";
		};
/* End PBXContainerItemProxy section */

/* Begin PBXFileReference section */
		D303BE2529FFC690003A55C0 /* KB-FIT.app */ = {isa = PBXFileReference; explicitFileType = wrapper.application; includeInIndex = 0; path = "KB-FIT.app"; sourceTree = BUILT_PRODUCTS_DIR; };
		D303BE2829FFC690003A55C0 /* KB_FITApp.swift */ = {isa = PBXFileReference; lastKnownFileType = sourcecode.swift; path = KB_FITApp.swift; sourceTree = "<group>"; };
		D303BE2A29FFC690003A55C0 /* ContentView.swift */ = {isa = PBXFileReference; lastKnownFileType = sourcecode.swift; path = ContentView.swift; sourceTree = "<group>"; };
		D303BE2C29FFC691003A55C0 /* Assets.xcassets */ = {isa = PBXFileReference; lastKnownFileType = folder.assetcatalog; path = Assets.xcassets; sourceTree = "<group>"; };
		D303BE2F29FFC691003A55C0 /* Preview Assets.xcassets */ = {isa = PBXFileReference; lastKnownFileType = folder.assetcatalog; path = "Preview Assets.xcassets"; sourceTree = "<group>"; };
		D303BE3529FFC691003A55C0 /* KB-FITTests.xctest */ = {isa = PBXFileReference; explicitFileType = wrapper.cfbundle; includeInIndex = 0; path = "KB-FITTests.xctest"; sourceTree = BUILT_PRODUCTS_DIR; };
		D303BE3929FFC691003A55C0 /* KB_FITTests.swift */ = {isa = PBXFileReference; lastKnownFileType = sourcecode.swift; path = KB_FITTests.swift; sourceTree = "<group>"; };
		D303BE3F29FFC691003A55C0 /* KB-FITUITests.xctest */ = {isa = PBXFileReference; explicitFileType = wrapper.cfbundle; includeInIndex = 0; path = "KB-FITUITests.xctest"; sourceTree = BUILT_PRODUCTS_DIR; };
		D303BE4329FFC691003A55C0 /* KB_FITUITests.swift */ = {isa = PBXFileReference; lastKnownFileType = sourcecode.swift; path = KB_FITUITests.swift; sourceTree = "<group>"; };
		D303BE4529FFC691003A55C0 /* KB_FITUITestsLaunchTests.swift */ = {isa = PBXFileReference; lastKnownFileType = sourcecode.swift; path = KB_FITUITestsLaunchTests.swift; sourceTree = "<group>"; };
		D303BE5229FFD3DD003A55C0 /* HomeView.swift */ = {isa = PBXFileReference; lastKnownFileType = sourcecode.swift; path = HomeView.swift; sourceTree = "<group>"; };
		D303BE5429FFD3F2003A55C0 /* WorkoutsView.swift */ = {isa = PBXFileReference; lastKnownFileType = sourcecode.swift; path = WorkoutsView.swift; sourceTree = "<group>"; };
		D303BE5629FFD3FF003A55C0 /* ProfileView.swift */ = {isa = PBXFileReference; lastKnownFileType = sourcecode.swift; path = ProfileView.swift; sourceTree = "<group>"; };
		D30776E92A01665B00D6BAB3 /* WeightCategoryWorkoutView.swift */ = {isa = PBXFileReference; lastKnownFileType = sourcecode.swift; path = WeightCategoryWorkoutView.swift; sourceTree = "<group>"; };
		D31583232A0189EC00988F65 /* LineChart.swift */ = {isa = PBXFileReference; lastKnownFileType = sourcecode.swift; path = LineChart.swift; sourceTree = "<group>"; };
		D318BA172A003A2100B4A2E5 /* SubscriptionPlansView.swift */ = {isa = PBXFileReference; lastKnownFileType = sourcecode.swift; path = SubscriptionPlansView.swift; sourceTree = "<group>"; };
		D37D3F8F2A2029430097FF3A /* NotificationsView.swift */ = {isa = PBXFileReference; lastKnownFileType = sourcecode.swift; path = NotificationsView.swift; sourceTree = "<group>"; };
		D3C66A722A0133ED00665188 /* NutritionView.swift */ = {isa = PBXFileReference; lastKnownFileType = sourcecode.swift; path = NutritionView.swift; sourceTree = "<group>"; };
		D3C66A742A01341900665188 /* CoachView.swift */ = {isa = PBXFileReference; lastKnownFileType = sourcecode.swift; path = CoachView.swift; sourceTree = "<group>"; };
		D3C66A762A01344800665188 /* ChallengesView.swift */ = {isa = PBXFileReference; lastKnownFileType = sourcecode.swift; path = ChallengesView.swift; sourceTree = "<group>"; };
		D3C66A782A01367500665188 /* EvolutionView.swift */ = {isa = PBXFileReference; lastKnownFileType = sourcecode.swift; path = EvolutionView.swift; sourceTree = "<group>"; };
		D3EB03982A0467A300465420 /* BoutiqueView.swift */ = {isa = PBXFileReference; lastKnownFileType = sourcecode.swift; path = BoutiqueView.swift; sourceTree = "<group>"; };
/* End PBXFileReference section */

/* Begin PBXFrameworksBuildPhase section */
		D303BE2229FFC690003A55C0 /* Frameworks */ = {
			isa = PBXFrameworksBuildPhase;
			buildActionMask = 2147483647;
			files = (
			);
			runOnlyForDeploymentPostprocessing = 0;
		};
		D303BE3229FFC691003A55C0 /* Frameworks */ = {
			isa = PBXFrameworksBuildPhase;
			buildActionMask = 2147483647;
			files = (
			);
			runOnlyForDeploymentPostprocessing = 0;
		};
		D303BE3C29FFC691003A55C0 /* Frameworks */ = {
			isa = PBXFrameworksBuildPhase;
			buildActionMask = 2147483647;
			files = (
			);
			runOnlyForDeploymentPostprocessing = 0;
		};
/* End PBXFrameworksBuildPhase section */

/* Begin PBXGroup section */
		D303BE1C29FFC690003A55C0 = {
			isa = PBXGroup;
			children = (
				D37D3F8F2A2029430097FF3A /* NotificationsView.swift */,
				D3EB03982A0467A300465420 /* BoutiqueView.swift */,
				D31583232A0189EC00988F65 /* LineChart.swift */,
				D30776E92A01665B00D6BAB3 /* WeightCategoryWorkoutView.swift */,
				D3C66A782A01367500665188 /* EvolutionView.swift */,
				D3C66A762A01344800665188 /* ChallengesView.swift */,
				D3C66A742A01341900665188 /* CoachView.swift */,
				D3C66A722A0133ED00665188 /* NutritionView.swift */,
				D318BA172A003A2100B4A2E5 /* SubscriptionPlansView.swift */,
				D303BE5629FFD3FF003A55C0 /* ProfileView.swift */,
				D303BE5429FFD3F2003A55C0 /* WorkoutsView.swift */,
				D303BE5229FFD3DD003A55C0 /* HomeView.swift */,
				D303BE2729FFC690003A55C0 /* KB-FIT */,
				D303BE3829FFC691003A55C0 /* KB-FITTests */,
				D303BE4229FFC691003A55C0 /* KB-FITUITests */,
				D303BE2629FFC690003A55C0 /* Products */,
			);
			sourceTree = "<group>";
		};
		D303BE2629FFC690003A55C0 /* Products */ = {
			isa = PBXGroup;
			children = (
				D303BE2529FFC690003A55C0 /* KB-FIT.app */,
				D303BE3529FFC691003A55C0 /* KB-FITTests.xctest */,
				D303BE3F29FFC691003A55C0 /* KB-FITUITests.xctest */,
			);
			name = Products;
			sourceTree = "<group>";
		};
		D303BE2729FFC690003A55C0 /* KB-FIT */ = {
			isa = PBXGroup;
			children = (
				D303BE2829FFC690003A55C0 /* KB_FITApp.swift */,
				D303BE2A29FFC690003A55C0 /* ContentView.swift */,
				D303BE2C29FFC691003A55C0 /* Assets.xcassets */,
				D303BE2E29FFC691003A55C0 /* Preview Content */,
			);
			path = "KB-FIT";
			sourceTree = "<group>";
		};
		D303BE2E29FFC691003A55C0 /* Preview Content */ = {
			isa = PBXGroup;
			children = (
				D303BE2F29FFC691003A55C0 /* Preview Assets.xcassets */,
			);
			path = "Preview Content";
			sourceTree = "<group>";
		};
		D303BE3829FFC691003A55C0 /* KB-FITTests */ = {
			isa = PBXGroup;
			children = (
				D303BE3929FFC691003A55C0 /* KB_FITTests.swift */,
			);
			path = "KB-FITTests";
			sourceTree = "<group>";
		};
		D303BE4229FFC691003A55C0 /* KB-FITUITests */ = {
			isa = PBXGroup;
			children = (
				D303BE4329FFC691003A55C0 /* KB_FITUITests.swift */,
				D303BE4529FFC691003A55C0 /* KB_FITUITestsLaunchTests.swift */,
			);
			path = "KB-FITUITests";
			sourceTree = "<group>";
		};
/* End PBXGroup section */

/* Begin PBXNativeTarget section */
		D303BE2429FFC690003A55C0 /* KB-FIT */ = {
			isa = PBXNativeTarget;
			buildConfigurationList = D303BE4929FFC691003A55C0 /* Build configuration list for PBXNativeTarget "KB-FIT" */;
			buildPhases = (
				D303BE2129FFC690003A55C0 /* Sources */,
				D303BE2229FFC690003A55C0 /* Frameworks */,
				D303BE2329FFC690003A55C0 /* Resources */,
			);
			buildRules = (
			);
			dependencies = (
			);
			name = "KB-FIT";
			productName = "KB-FIT";
			productReference = D303BE2529FFC690003A55C0 /* KB-FIT.app */;
			productType = "com.apple.product-type.application";
		};
		D303BE3429FFC691003A55C0 /* KB-FITTests */ = {
			isa = PBXNativeTarget;
			buildConfigurationList = D303BE4C29FFC691003A55C0 /* Build configuration list for PBXNativeTarget "KB-FITTests" */;
			buildPhases = (
				D303BE3129FFC691003A55C0 /* Sources */,
				D303BE3229FFC691003A55C0 /* Frameworks */,
				D303BE3329FFC691003A55C0 /* Resources */,
			);
			buildRules = (
			);
			dependencies = (
				D303BE3729FFC691003A55C0 /* PBXTargetDependency */,
			);
			name = "KB-FITTests";
			productName = "KB-FITTests";
			productReference = D303BE3529FFC691003A55C0 /* KB-FITTests.xctest */;
			productType = "com.apple.product-type.bundle.unit-test";
		};
		D303BE3E29FFC691003A55C0 /* KB-FITUITests */ = {
			isa = PBXNativeTarget;
			buildConfigurationList = D303BE4F29FFC691003A55C0 /* Build configuration list for PBXNativeTarget "KB-FITUITests" */;
			buildPhases = (
				D303BE3B29FFC691003A55C0 /* Sources */,
				D303BE3C29FFC691003A55C0 /* Frameworks */,
				D303BE3D29FFC691003A55C0 /* Resources */,
			);
			buildRules = (
			);
			dependencies = (
				D303BE4129FFC691003A55C0 /* PBXTargetDependency */,
			);
			name = "KB-FITUITests";
			productName = "KB-FITUITests";
			productReference = D303BE3F29FFC691003A55C0 /* KB-FITUITests.xctest */;
			productType = "com.apple.product-type.bundle.ui-testing";
		};
/* End PBXNativeTarget section */

/* Begin PBXProject section */
		D303BE1D29FFC690003A55C0 /* Project object */ = {
			isa = PBXProject;
			attributes = {
				BuildIndependentTargetsInParallel = 1;
				LastSwiftUpdateCheck = 1400;
				LastUpgradeCheck = 1400;
				TargetAttributes = {
					D303BE2429FFC690003A55C0 = {
						CreatedOnToolsVersion = 14.0.1;
					};
					D303BE3429FFC691003A55C0 = {
						CreatedOnToolsVersion = 14.0.1;
						TestTargetID = D303BE2429FFC690003A55C0;
					};
					D303BE3E29FFC691003A55C0 = {
						CreatedOnToolsVersion = 14.0.1;
						TestTargetID = D303BE2429FFC690003A55C0;
					};
				};
			};
			buildConfigurationList = D303BE2029FFC690003A55C0 /* Build configuration list for PBXProject "KB-FIT" */;
			compatibilityVersion = "Xcode 14.0";
			developmentRegion = en;
			hasScannedForEncodings = 0;
			knownRegions = (
				en,
				Base,
			);
			mainGroup = D303BE1C29FFC690003A55C0;
			productRefGroup = D303BE2629FFC690003A55C0 /* Products */;
			projectDirPath = "";
			projectRoot = "";
			targets = (
				D303BE2429FFC690003A55C0 /* KB-FIT */,
				D303BE3429FFC691003A55C0 /* KB-FITTests */,
				D303BE3E29FFC691003A55C0 /* KB-FITUITests */,
			);
		};
/* End PBXProject section */

/* Begin PBXResourcesBuildPhase section */
		D303BE2329FFC690003A55C0 /* Resources */ = {
			isa = PBXResourcesBuildPhase;
			buildActionMask = 2147483647;
			files = (
				D303BE3029FFC691003A55C0 /* Preview Assets.xcassets in Resources */,
				D303BE2D29FFC691003A55C0 /* Assets.xcassets in Resources */,
			);
			runOnlyForDeploymentPostprocessing = 0;
		};
		D303BE3329FFC691003A55C0 /* Resources */ = {
			isa = PBXResourcesBuildPhase;
			buildActionMask = 2147483647;
			files = (
			);
			runOnlyForDeploymentPostprocessing = 0;
		};
		D303BE3D29FFC691003A55C0 /* Resources */ = {
			isa = PBXResourcesBuildPhase;
			buildActionMask = 2147483647;
			files = (
			);
			runOnlyForDeploymentPostprocessing = 0;
		};
/* End PBXResourcesBuildPhase section */

/* Begin PBXSourcesBuildPhase section */
		D303BE2129FFC690003A55C0 /* Sources */ = {
			isa = PBXSourcesBuildPhase;
			buildActionMask = 2147483647;
			files = (
				D3C66A772A01344800665188 /* ChallengesView.swift in Sources */,
				D30776EA2A01665B00D6BAB3 /* WeightCategoryWorkoutView.swift in Sources */,
				D303BE5329FFD3DD003A55C0 /* HomeView.swift in Sources */,
				D303BE2B29FFC690003A55C0 /* ContentView.swift in Sources */,
				D303BE5729FFD3FF003A55C0 /* ProfileView.swift in Sources */,
				D3C66A792A01367500665188 /* EvolutionView.swift in Sources */,
				D3C66A752A01341900665188 /* CoachView.swift in Sources */,
				D303BE5529FFD3F2003A55C0 /* WorkoutsView.swift in Sources */,
				D3EB03992A0467A300465420 /* BoutiqueView.swift in Sources */,
				D31583242A0189EC00988F65 /* LineChart.swift in Sources */,
				D318BA182A003A2100B4A2E5 /* SubscriptionPlansView.swift in Sources */,
				D303BE2929FFC690003A55C0 /* KB_FITApp.swift in Sources */,
				D3C66A732A0133EE00665188 /* NutritionView.swift in Sources */,
				D37D3F902A2029430097FF3A /* NotificationsView.swift in Sources */,
			);
			runOnlyForDeploymentPostprocessing = 0;
		};
		D303BE3129FFC691003A55C0 /* Sources */ = {
			isa = PBXSourcesBuildPhase;
			buildActionMask = 2147483647;
			files = (
				D303BE3A29FFC691003A55C0 /* KB_FITTests.swift in Sources */,
			);
			runOnlyForDeploymentPostprocessing = 0;
		};
		D303BE3B29FFC691003A55C0 /* Sources */ = {
			isa = PBXSourcesBuildPhase;
			buildActionMask = 2147483647;
			files = (
				D303BE4429FFC691003A55C0 /* KB_FITUITests.swift in Sources */,
				D303BE4629FFC691003A55C0 /* KB_FITUITestsLaunchTests.swift in Sources */,
			);
			runOnlyForDeploymentPostprocessing = 0;
		};
/* End PBXSourcesBuildPhase section */

/* Begin PBXTargetDependency section */
		D303BE3729FFC691003A55C0 /* PBXTargetDependency */ = {
			isa = PBXTargetDependency;
			target = D303BE2429FFC690003A55C0 /* KB-FIT */;
			targetProxy = D303BE3629FFC691003A55C0 /* PBXContainerItemProxy */;
		};
		D303BE4129FFC691003A55C0 /* PBXTargetDependency */ = {
			isa = PBXTargetDependency;
			target = D303BE2429FFC690003A55C0 /* KB-FIT */;
			targetProxy = D303BE4029FFC691003A55C0 /* PBXContainerItemProxy */;
		};
/* End PBXTargetDependency section */

/* Begin XCBuildConfiguration section */
		D303BE4729FFC691003A55C0 /* Debug */ = {
			isa = XCBuildConfiguration;
			buildSettings = {
				ALWAYS_SEARCH_USER_PATHS = NO;
				CLANG_ANALYZER_NONNULL = YES;
				CLANG_ANALYZER_NUMBER_OBJECT_CONVERSION = YES_AGGRESSIVE;
				CLANG_CXX_LANGUAGE_STANDARD = "gnu++20";
				CLANG_ENABLE_MODULES = YES;
				CLANG_ENABLE_OBJC_ARC = YES;
				CLANG_ENABLE_OBJC_WEAK = YES;
				CLANG_WARN_BLOCK_CAPTURE_AUTORELEASING = YES;
				CLANG_WARN_BOOL_CONVERSION = YES;
				CLANG_WARN_COMMA = YES;
				CLANG_WARN_CONSTANT_CONVERSION = YES;
				CLANG_WARN_DEPRECATED_OBJC_IMPLEMENTATIONS = YES;
				CLANG_WARN_DIRECT_OBJC_ISA_USAGE = YES_ERROR;
				CLANG_WARN_DOCUMENTATION_COMMENTS = YES;
				CLANG_WARN_EMPTY_BODY = YES;
				CLANG_WARN_ENUM_CONVERSION = YES;
				CLANG_WARN_INFINITE_RECURSION = YES;
				CLANG_WARN_INT_CONVERSION = YES;
				CLANG_WARN_NON_LITERAL_NULL_CONVERSION = YES;
				CLANG_WARN_OBJC_IMPLICIT_RETAIN_SELF = YES;
				CLANG_WARN_OBJC_LITERAL_CONVERSION = YES;
				CLANG_WARN_OBJC_ROOT_CLASS = YES_ERROR;
				CLANG_WARN_QUOTED_INCLUDE_IN_FRAMEWORK_HEADER = YES;
				CLANG_WARN_RANGE_LOOP_ANALYSIS = YES;
				CLANG_WARN_STRICT_PROTOTYPES = YES;
				CLANG_WARN_SUSPICIOUS_MOVE = YES;
				CLANG_WARN_UNGUARDED_AVAILABILITY = YES_AGGRESSIVE;
				CLANG_WARN_UNREACHABLE_CODE = YES;
				CLANG_WARN__DUPLICATE_METHOD_MATCH = YES;
				COPY_PHASE_STRIP = NO;
				DEBUG_INFORMATION_FORMAT = dwarf;
				ENABLE_STRICT_OBJC_MSGSEND = YES;
				ENABLE_TESTABILITY = YES;
				GCC_C_LANGUAGE_STANDARD = gnu11;
				GCC_DYNAMIC_NO_PIC = NO;
				GCC_NO_COMMON_BLOCKS = YES;
				GCC_OPTIMIZATION_LEVEL = 0;
				GCC_PREPROCESSOR_DEFINITIONS = (
					"DEBUG=1",
					"$(inherited)",
				);
				GCC_WARN_64_TO_32_BIT_CONVERSION = YES;
				GCC_WARN_ABOUT_RETURN_TYPE = YES_ERROR;
				GCC_WARN_UNDECLARED_SELECTOR = YES;
				GCC_WARN_UNINITIALIZED_AUTOS = YES_AGGRESSIVE;
				GCC_WARN_UNUSED_FUNCTION = YES;
				GCC_WARN_UNUSED_VARIABLE = YES;
				IPHONEOS_DEPLOYMENT_TARGET = 16.0;
				MTL_ENABLE_DEBUG_INFO = INCLUDE_SOURCE;
				MTL_FAST_MATH = YES;
				ONLY_ACTIVE_ARCH = YES;
				SDKROOT = iphoneos;
				SWIFT_ACTIVE_COMPILATION_CONDITIONS = DEBUG;
				SWIFT_OPTIMIZATION_LEVEL = "-Onone";
			};
			name = Debug;
		};
		D303BE4829FFC691003A55C0 /* Release */ = {
			isa = XCBuildConfiguration;
			buildSettings = {
				ALWAYS_SEARCH_USER_PATHS = NO;
				CLANG_ANALYZER_NONNULL = YES;
				CLANG_ANALYZER_NUMBER_OBJECT_CONVERSION = YES_AGGRESSIVE;
				CLANG_CXX_LANGUAGE_STANDARD = "gnu++20";
				CLANG_ENABLE_MODULES = YES;
				CLANG_ENABLE_OBJC_ARC = YES;
				CLANG_ENABLE_OBJC_WEAK = YES;
				CLANG_WARN_BLOCK_CAPTURE_AUTORELEASING = YES;
				CLANG_WARN_BOOL_CONVERSION = YES;
				CLANG_WARN_COMMA = YES;
				CLANG_WARN_CONSTANT_CONVERSION = YES;
				CLANG_WARN_DEPRECATED_OBJC_IMPLEMENTATIONS = YES;
				CLANG_WARN_DIRECT_OBJC_ISA_USAGE = YES_ERROR;
				CLANG_WARN_DOCUMENTATION_COMMENTS = YES;
				CLANG_WARN_EMPTY_BODY = YES;
				CLANG_WARN_ENUM_CONVERSION = YES;
				CLANG_WARN_INFINITE_RECURSION = YES;
				CLANG_WARN_INT_CONVERSION = YES;
				CLANG_WARN_NON_LITERAL_NULL_CONVERSION = YES;
				CLANG_WARN_OBJC_IMPLICIT_RETAIN_SELF = YES;
				CLANG_WARN_OBJC_LITERAL_CONVERSION = YES;
				CLANG_WARN_OBJC_ROOT_CLASS = YES_ERROR;
				CLANG_WARN_QUOTED_INCLUDE_IN_FRAMEWORK_HEADER = YES;
				CLANG_WARN_RANGE_LOOP_ANALYSIS = YES;
				CLANG_WARN_STRICT_PROTOTYPES = YES;
				CLANG_WARN_SUSPICIOUS_MOVE = YES;
				CLANG_WARN_UNGUARDED_AVAILABILITY = YES_AGGRESSIVE;
				CLANG_WARN_UNREACHABLE_CODE = YES;
				CLANG_WARN__DUPLICATE_METHOD_MATCH = YES;
				COPY_PHASE_STRIP = NO;
				DEBUG_INFORMATION_FORMAT = "dwarf-with-dsym";
				ENABLE_NS_ASSERTIONS = NO;
				ENABLE_STRICT_OBJC_MSGSEND = YES;
				GCC_C_LANGUAGE_STANDARD = gnu11;
				GCC_NO_COMMON_BLOCKS = YES;
				GCC_WARN_64_TO_32_BIT_CONVERSION = YES;
				GCC_WARN_ABOUT_RETURN_TYPE = YES_ERROR;
				GCC_WARN_UNDECLARED_SELECTOR = YES;
				GCC_WARN_UNINITIALIZED_AUTOS = YES_AGGRESSIVE;
				GCC_WARN_UNUSED_FUNCTION = YES;
				GCC_WARN_UNUSED_VARIABLE = YES;
				IPHONEOS_DEPLOYMENT_TARGET = 16.0;
				MTL_ENABLE_DEBUG_INFO = NO;
				MTL_FAST_MATH = YES;
				SDKROOT = iphoneos;
				SWIFT_COMPILATION_MODE = wholemodule;
				SWIFT_OPTIMIZATION_LEVEL = "-O";
				VALIDATE_PRODUCT = YES;
			};
			name = Release;
		};
		D303BE4A29FFC691003A55C0 /* Debug */ = {
			isa = XCBuildConfiguration;
			buildSettings = {
				ASSETCATALOG_COMPILER_APPICON_NAME = AppIcon;
				ASSETCATALOG_COMPILER_GLOBAL_ACCENT_COLOR_NAME = AccentColor;
				CODE_SIGN_STYLE = Automatic;
				CURRENT_PROJECT_VERSION = 1;
				DEVELOPMENT_ASSET_PATHS = "\"KB-FIT/Preview Content\"";
				ENABLE_PREVIEWS = YES;
				GENERATE_INFOPLIST_FILE = YES;
				INFOPLIST_KEY_UIApplicationSceneManifest_Generation = YES;
				INFOPLIST_KEY_UIApplicationSupportsIndirectInputEvents = YES;
				INFOPLIST_KEY_UILaunchScreen_Generation = YES;
				INFOPLIST_KEY_UISupportedInterfaceOrientations_iPad = "UIInterfaceOrientationPortrait UIInterfaceOrientationPortraitUpsideDown UIInterfaceOrientationLandscapeLeft UIInterfaceOrientationLandscapeRight";
				INFOPLIST_KEY_UISupportedInterfaceOrientations_iPhone = "UIInterfaceOrientationPortrait UIInterfaceOrientationLandscapeLeft UIInterfaceOrientationLandscapeRight";
				LD_RUNPATH_SEARCH_PATHS = (
					"$(inherited)",
					"@executable_path/Frameworks",
				);
				MARKETING_VERSION = 1.0;
				PRODUCT_BUNDLE_IDENTIFIER = "SACHASST.KB-FIT";
				PRODUCT_NAME = "$(TARGET_NAME)";
				SWIFT_EMIT_LOC_STRINGS = YES;
				SWIFT_VERSION = 5.0;
				TARGETED_DEVICE_FAMILY = "1,2";
			};
			name = Debug;
		};
		D303BE4B29FFC691003A55C0 /* Release */ = {
			isa = XCBuildConfiguration;
			buildSettings = {
				ASSETCATALOG_COMPILER_APPICON_NAME = AppIcon;
				ASSETCATALOG_COMPILER_GLOBAL_ACCENT_COLOR_NAME = AccentColor;
				CODE_SIGN_STYLE = Automatic;
				CURRENT_PROJECT_VERSION = 1;
				DEVELOPMENT_ASSET_PATHS = "\"KB-FIT/Preview Content\"";
				ENABLE_PREVIEWS = YES;
				GENERATE_INFOPLIST_FILE = YES;
				INFOPLIST_KEY_UIApplicationSceneManifest_Generation = YES;
				INFOPLIST_KEY_UIApplicationSupportsIndirectInputEvents = YES;
				INFOPLIST_KEY_UILaunchScreen_Generation = YES;
				INFOPLIST_KEY_UISupportedInterfaceOrientations_iPad = "UIInterfaceOrientationPortrait UIInterfaceOrientationPortraitUpsideDown UIInterfaceOrientationLandscapeLeft UIInterfaceOrientationLandscapeRight";
				INFOPLIST_KEY_UISupportedInterfaceOrientations_iPhone = "UIInterfaceOrientationPortrait UIInterfaceOrientationLandscapeLeft UIInterfaceOrientationLandscapeRight";
				LD_RUNPATH_SEARCH_PATHS = (
					"$(inherited)",
					"@executable_path/Frameworks",
				);
				MARKETING_VERSION = 1.0;
				PRODUCT_BUNDLE_IDENTIFIER = "SACHASST.KB-FIT";
				PRODUCT_NAME = "$(TARGET_NAME)";
				SWIFT_EMIT_LOC_STRINGS = YES;
				SWIFT_VERSION = 5.0;
				TARGETED_DEVICE_FAMILY = "1,2";
			};
			name = Release;
		};
		D303BE4D29FFC691003A55C0 /* Debug */ = {
			isa = XCBuildConfiguration;
			buildSettings = {
				ALWAYS_EMBED_SWIFT_STANDARD_LIBRARIES = YES;
				BUNDLE_LOADER = "$(TEST_HOST)";
				CODE_SIGN_STYLE = Automatic;
				CURRENT_PROJECT_VERSION = 1;
				GENERATE_INFOPLIST_FILE = YES;
				IPHONEOS_DEPLOYMENT_TARGET = 16.0;
				MARKETING_VERSION = 1.0;
				PRODUCT_BUNDLE_IDENTIFIER = "SACHASST.KB-FITTests";
				PRODUCT_NAME = "$(TARGET_NAME)";
				SWIFT_EMIT_LOC_STRINGS = NO;
				SWIFT_VERSION = 5.0;
				TARGETED_DEVICE_FAMILY = "1,2";
				TEST_HOST = "$(BUILT_PRODUCTS_DIR)/KB-FIT.app/$(BUNDLE_EXECUTABLE_FOLDER_PATH)/KB-FIT";
			};
			name = Debug;
		};
		D303BE4E29FFC691003A55C0 /* Release */ = {
			isa = XCBuildConfiguration;
			buildSettings = {
				ALWAYS_EMBED_SWIFT_STANDARD_LIBRARIES = YES;
				BUNDLE_LOADER = "$(TEST_HOST)";
				CODE_SIGN_STYLE = Automatic;
				CURRENT_PROJECT_VERSION = 1;
				GENERATE_INFOPLIST_FILE = YES;
				IPHONEOS_DEPLOYMENT_TARGET = 16.0;
				MARKETING_VERSION = 1.0;
				PRODUCT_BUNDLE_IDENTIFIER = "SACHASST.KB-FITTests";
				PRODUCT_NAME = "$(TARGET_NAME)";
				SWIFT_EMIT_LOC_STRINGS = NO;
				SWIFT_VERSION = 5.0;
				TARGETED_DEVICE_FAMILY = "1,2";
				TEST_HOST = "$(BUILT_PRODUCTS_DIR)/KB-FIT.app/$(BUNDLE_EXECUTABLE_FOLDER_PATH)/KB-FIT";
			};
			name = Release;
		};
		D303BE5029FFC691003A55C0 /* Debug */ = {
			isa = XCBuildConfiguration;
			buildSettings = {
				ALWAYS_EMBED_SWIFT_STANDARD_LIBRARIES = YES;
				CODE_SIGN_STYLE = Automatic;
				CURRENT_PROJECT_VERSION = 1;
				GENERATE_INFOPLIST_FILE = YES;
				MARKETING_VERSION = 1.0;
				PRODUCT_BUNDLE_IDENTIFIER = "SACHASST.KB-FITUITests";
				PRODUCT_NAME = "$(TARGET_NAME)";
				SWIFT_EMIT_LOC_STRINGS = NO;
				SWIFT_VERSION = 5.0;
				TARGETED_DEVICE_FAMILY = "1,2";
				TEST_TARGET_NAME = "KB-FIT";
			};
			name = Debug;
		};
		D303BE5129FFC691003A55C0 /* Release */ = {
			isa = XCBuildConfiguration;
			buildSettings = {
				ALWAYS_EMBED_SWIFT_STANDARD_LIBRARIES = YES;
				CODE_SIGN_STYLE = Automatic;
				CURRENT_PROJECT_VERSION = 1;
				GENERATE_INFOPLIST_FILE = YES;
				MARKETING_VERSION = 1.0;
				PRODUCT_BUNDLE_IDENTIFIER = "SACHASST.KB-FITUITests";
				PRODUCT_NAME = "$(TARGET_NAME)";
				SWIFT_EMIT_LOC_STRINGS = NO;
				SWIFT_VERSION = 5.0;
				TARGETED_DEVICE_FAMILY = "1,2";
				TEST_TARGET_NAME = "KB-FIT";
			};
			name = Release;
		};
/* End XCBuildConfiguration section */

/* Begin XCConfigurationList section */
		D303BE2029FFC690003A55C0 /* Build configuration list for PBXProject "KB-FIT" */ = {
			isa = XCConfigurationList;
			buildConfigurations = (
				D303BE4729FFC691003A55C0 /* Debug */,
				D303BE4829FFC691003A55C0 /* Release */,
			);
			defaultConfigurationIsVisible = 0;
			defaultConfigurationName = Release;
		};
		D303BE4929FFC691003A55C0 /* Build configuration list for PBXNativeTarget "KB-FIT" */ = {
			isa = XCConfigurationList;
			buildConfigurations = (
				D303BE4A29FFC691003A55C0 /* Debug */,
				D303BE4B29FFC691003A55C0 /* Release */,
			);
			defaultConfigurationIsVisible = 0;
			defaultConfigurationName = Release;
		};
		D303BE4C29FFC691003A55C0 /* Build configuration list for PBXNativeTarget "KB-FITTests" */ = {
			isa = XCConfigurationList;
			buildConfigurations = (
				D303BE4D29FFC691003A55C0 /* Debug */,
				D303BE4E29FFC691003A55C0 /* Release */,
			);
			defaultConfigurationIsVisible = 0;
			defaultConfigurationName = Release;
		};
		D303BE4F29FFC691003A55C0 /* Build configuration list for PBXNativeTarget "KB-FITUITests" */ = {
			isa = XCConfigurationList;
			buildConfigurations = (
				D303BE5029FFC691003A55C0 /* Debug */,
				D303BE5129FFC691003A55C0 /* Release */,
			);
			defaultConfigurationIsVisible = 0;
			defaultConfigurationName = Release;
		};
/* End XCConfigurationList section */
	};
	rootObject = D303BE1D29FFC690003A55C0 /* Project object */;
}
